
Microsoft Visual Studio Solution File, Format Version 12.00
# Visual Studio Version 17
VisualStudioVersion = 17.5.33502.453
MinimumVisualStudioVersion = 10.0.40219.1
Project("{FAE04EC0-301F-11D3-BF4B-00C04F79EFBC}") = "BookEx-Application", "BookEx-Application\BookEx-Application.csproj", "{2FBBA6F6-D24E-44EE-8C32-D8460B4137BC}"
EndProject
Project("{FAE04EC0-301F-11D3-BF4B-00C04F79EFBC}") = "DAL", "DAL\DAL.csproj", "{AB60AFB9-66D1-4720-9A01-E156DC6CA55E}"
EndProject
Project("{FAE04EC0-301F-11D3-BF4B-00C04F79EFBC}") = "BLL", "BLL\BLL.csproj", "{A683B81C-7F48-4D90-B451-C3DEE98280F8}"
EndProject
Global
	GlobalSection(SolutionConfigurationPlatforms) = preSolution
		Debug|Any CPU = Debug|Any CPU
		Release|Any CPU = Release|Any CPU
	EndGlobalSection
	GlobalSection(ProjectConfigurationPlatforms) = postSolution
		{2FBBA6F6-D24E-44EE-8C32-D8460B4137BC}.Debug|Any CPU.ActiveCfg = Debug|Any CPU
		{2FBBA6F6-D24E-44EE-8C32-D8460B4137BC}.Debug|Any CPU.Build.0 = Debug|Any CPU
		{2FBBA6F6-D24E-44EE-8C32-D8460B4137BC}.Release|Any CPU.ActiveCfg = Release|Any CPU
		{2FBBA6F6-D24E-44EE-8C32-D8460B4137BC}.Release|Any CPU.Build.0 = Release|Any CPU
		{AB60AFB9-66D1-4720-9A01-E156DC6CA55E}.Debug|Any CPU.ActiveCfg = Debug|Any CPU
		{AB60AFB9-66D1-4720-9A01-E156DC6CA55E}.Debug|Any CPU.Build.0 = Debug|Any CPU
		{AB60AFB9-66D1-4720-9A01-E156DC6CA55E}.Release|Any CPU.ActiveCfg = Release|Any CPU
		{AB60AFB9-66D1-4720-9A01-E156DC6CA55E}.Release|Any CPU.Build.0 = Release|Any CPU
		{A683B81C-7F48-4D90-B451-C3DEE98280F8}.Debug|Any CPU.ActiveCfg = Debug|Any CPU
		{A683B81C-7F48-4D90-B451-C3DEE98280F8}.Debug|Any CPU.Build.0 = Debug|Any CPU
		{A683B81C-7F48-4D90-B451-C3DEE98280F8}.Release|Any CPU.ActiveCfg = Release|Any CPU
		{A683B81C-7F48-4D90-B451-C3DEE98280F8}.Release|Any CPU.Build.0 = Release|Any CPU
	EndGlobalSection
	GlobalSection(SolutionProperties) = preSolution
		HideSolutionNode = FALSE
	EndGlobalSection
	GlobalSection(ExtensibilityGlobals) = postSolution
		SolutionGuid = {0436D028-F949-4B35-9277-ED06880FDFE7}
	EndGlobalSection
EndGlobal
